{
  "nodes": {
    "flake-utils": {
      "locked": {
        "lastModified": 1623875721,
        "narHash": "sha256-A8BU7bjS5GirpAUv4QA+QnJ4CceLHkcXdRp4xITDB0s=",
        "owner": "numtide",
        "repo": "flake-utils",
        "rev": "f7e004a55b120c02ecb6219596820fcd32ca8772",
        "type": "github"
      },
      "original": {
        "owner": "numtide",
        "repo": "flake-utils",
        "type": "github"
      }
    },
    "nixpkgs": {
      "locked": {
        "lastModified": 1625223284,
        "narHash": "sha256-jjLcDSU1rRiJb+n3uez23XAa7kbnPcGZTa6jIKh1GMQ=",
        "owner": "NixOS",
        "repo": "nixpkgs",
        "rev": "357d2c8f6087685fe35cb1889a005a4dd4cce7b8",
        "type": "github"
      },
      "original": {
        "id": "nixpkgs",
        "ref": "nixpkgs-unstable",
        "type": "indirect"
      }
    },
    "root": {
      "inputs": {
        "flake-utils": [
          "root-curated",
          "flake-utils"
        ],
        "nixpkgs": [
          "root-curated",
          "nixpkgs"
        ],
        "root-curated": "root-curated"
      }
    },
    "root-curated": {
      "inputs": {
        "flake-utils": "flake-utils",
        "nixpkgs": "nixpkgs"
      },
      "locked": {
        "lastModified": 1670048242,
        "narHash": "sha256-NGba7iSpT2B4MjHdqwiNh0K8w2JzW4U0SGYcqow2gSI=",
        "owner": "umd-lhcb",
        "repo": "root-curated",
        "rev": "6ab1d2f897d5236ba626a2dde4a9c2a5307e1dcf",
        "type": "github"
      },
      "original": {
        "owner": "umd-lhcb",
        "repo": "root-curated",
        "type": "github"
      }
    }
  },
  "root": "root",
  "version": 7
}
